
Microsoft Visual Studio Solution File, Format Version 12.00
# Visual Studio Version 17
VisualStudioVersion = 17.14.36408.4
MinimumVisualStudioVersion = 10.0.40219.1
Project("{FAE04EC0-301F-11D3-BF4B-00C04F79EFBC}") = "QuestPdfConsole", "QuestPdfConsole\QuestPdfConsole.csproj", "{C0ED4F51-E166-4EAF-BC4A-BBF9460362CB}"
EndProject
Project("{FAE04EC0-301F-11D3-BF4B-00C04F79EFBC}") = "QuestPdfBlazor", "QuestPdfBlazor\QuestPdfBlazor.csproj", "{3896FA59-7F01-43F7-95B1-B1BD275946CE}"
EndProject
Global
	GlobalSection(SolutionConfigurationPlatforms) = preSolution
		Debug|Any CPU = Debug|Any CPU
		Release|Any CPU = Release|Any CPU
	EndGlobalSection
	GlobalSection(ProjectConfigurationPlatforms) = postSolution
		{C0ED4F51-E166-4EAF-BC4A-BBF9460362CB}.Debug|Any CPU.ActiveCfg = Debug|Any CPU
		{C0ED4F51-E166-4EAF-BC4A-BBF9460362CB}.Debug|Any CPU.Build.0 = Debug|Any CPU
		{C0ED4F51-E166-4EAF-BC4A-BBF9460362CB}.Release|Any CPU.ActiveCfg = Release|Any CPU
		{C0ED4F51-E166-4EAF-BC4A-BBF9460362CB}.Release|Any CPU.Build.0 = Release|Any CPU
		{3896FA59-7F01-43F7-95B1-B1BD275946CE}.Debug|Any CPU.ActiveCfg = Debug|Any CPU
		{3896FA59-7F01-43F7-95B1-B1BD275946CE}.Debug|Any CPU.Build.0 = Debug|Any CPU
		{3896FA59-7F01-43F7-95B1-B1BD275946CE}.Release|Any CPU.ActiveCfg = Release|Any CPU
		{3896FA59-7F01-43F7-95B1-B1BD275946CE}.Release|Any CPU.Build.0 = Release|Any CPU
	EndGlobalSection
	GlobalSection(SolutionProperties) = preSolution
		HideSolutionNode = FALSE
	EndGlobalSection
	GlobalSection(ExtensibilityGlobals) = postSolution
		SolutionGuid = {4EA6FA35-48D8-432E-A63F-42C02AF33C0E}
	EndGlobalSection
EndGlobal
